
Microsoft Visual Studio Solution File, Format Version 12.00
# Visual Studio 2013
VisualStudioVersion = 12.0.21005.1
MinimumVisualStudioVersion = 10.0.40219.1
Project("{FAE04EC0-301F-11D3-BF4B-00C04F79EFBC}") = "Toss", "Toss\Toss.csproj", "{DCEE28E7-F13F-4DB5-B47C-D018A4F9A201}"
EndProject
Global
	GlobalSection(SolutionConfigurationPlatforms) = preSolution
		Debug|Any CPU = Debug|Any CPU
		Release|Any CPU = Release|Any CPU
	EndGlobalSection
	GlobalSection(ProjectConfigurationPlatforms) = postSolution
		{DCEE28E7-F13F-4DB5-B47C-D018A4F9A201}.Debug|Any CPU.ActiveCfg = Debug|Any CPU
		{DCEE28E7-F13F-4DB5-B47C-D018A4F9A201}.Debug|Any CPU.Build.0 = Debug|Any CPU
		{DCEE28E7-F13F-4DB5-B47C-D018A4F9A201}.Release|Any CPU.ActiveCfg = Release|Any CPU
		{DCEE28E7-F13F-4DB5-B47C-D018A4F9A201}.Release|Any CPU.Build.0 = Release|Any CPU
	EndGlobalSection
	GlobalSection(SolutionProperties) = preSolution
		HideSolutionNode = FALSE
	EndGlobalSection
EndGlobal
